<!doctype html>
<html lang="pt-BR" class="dark">
  <head>
    <meta charset="UTF-8" />
    <meta name="viewport" content="width=device-width, initial-scale=1.0, viewport-fit=cover" />
    <meta name="theme-color" content="#0A0A0A" />
    <title>Filipão Chaveiro — Chaves codificadas e abertura de carros | Vaz Lobo RJ</title>
    <meta name="description" content="Filipão Chaveiro (Felipe) — Chaves codificadas, abertura de portas e veículos. Atendimento 24h em Vaz Lobo. WhatsApp +55 21 98892-4039." />
    <meta name="keywords" content="filipão chaveiro, chaveiro vaz lobo, chaveiro 24 horas rio de janeiro, chaves codificadas rio, abertura de carro vaz lobo" />
    <meta name="author" content="Filipão Chaveiro" />
    <meta name="robots" content="index, follow" />
    <link rel="canonical" href="https://filipaochaveiro.com.br/" />

    <!-- Open Graph -->
    <meta property="og:type" content="website" />
    <meta property="og:title" content="Filipão Chaveiro — Chaves codificadas e abertura de carros | Vaz Lobo" />
    <meta property="og:description" content="Filipão Chaveiro (Felipe) — Chaves codificadas, abertura de portas e veículos. Atendimento 24h em Vaz Lobo. WhatsApp +55 21 98892-4039." />
    <meta property="og:url" content="https://filipaochaveiro.com.br/" />
    <meta property="og:locale" content="pt_BR" />
    <meta property="og:site_name" content="Filipão Chaveiro" />

    <!-- Twitter Card -->
    <meta name="twitter:card" content="summary_large_image" />
    <meta name="twitter:title" content="Filipão Chaveiro — Chaves codificadas e abertura de carros | Vaz Lobo" />
    <meta name="twitter:description" content="Filipão Chaveiro (Felipe) — Chaves codificadas, abertura de portas e veículos. Atendimento 24h em Vaz Lobo. WhatsApp +55 21 98892-4039." />

    <!-- Fonts -->
    <link rel="preconnect" href="https://fonts.googleapis.com" />
    <link rel="preconnect" href="https://fonts.gstatic.com" crossorigin />
    <link href="https://fonts.googleapis.com/css2?family=Montserrat:wght@600;700;800;900&family=Inter:wght@400;500;600;700&display=swap" rel="stylesheet" />

    <!-- JSON-LD Structured Data -->
    <script type="application/ld+json">
    {
      "@context": "https://schema.org",
      "@type": "Locksmith",
      "name": "Filipão Chaveiro",
      "description": "Filipão Chaveiro — Chaves codificadas, abertura de portas e veículos. Atendimento 24h em Vaz Lobo.",
      "url": "https://filipaochaveiro.com.br",
      "telephone": ["+552121221249", "+5521988924039"],
      "address": {
        "@type": "PostalAddress",
        "streetAddress": "Av. Monsenhor Félix, 64",
        "addressLocality": "Vaz Lobo",
        "addressRegion": "RJ",
        "addressCountry": "BR"
      },
      "geo": {
        "@type": "GeoCoordinates",
        "latitude": -22.8569,
        "longitude": -43.2827
      },
      "openingHoursSpecification": {
        "@type": "OpeningHoursSpecification",
        "dayOfWeek": ["Monday","Tuesday","Wednesday","Thursday","Friday","Saturday","Sunday"],
        "opens": "00:00",
        "closes": "23:59"
      },
      "priceRange": "$$",
      "areaServed": "Vaz Lobo, Rio de Janeiro, RJ"
    }
    </script>

    <!-- Analytics / dataLayer stub -->
    <script>
      window.dataLayer = window.dataLayer || [];
      function gtag(){dataLayer.push(arguments);}
    </script>
  </head>
  <body>
    <div id="root"></div>
    <script type="module" src="/src/main.tsx"></script>
  </body>
</html>
